
Microsoft Visual Studio Solution File, Format Version 12.00
# Visual Studio Version 16
VisualStudioVersion = 16.0.30413.136
MinimumVisualStudioVersion = 10.0.40219.1
Project("{FAE04EC0-301F-11D3-BF4B-00C04F79EFBC}") = "HomeWork6", "src\HomeWork6\HomeWork6.csproj", "{A7B3CBE6-E5FD-46D8-BA6C-E85A4C3F286F}"
EndProject
Global
	GlobalSection(SolutionConfigurationPlatforms) = preSolution
		Debug|Any CPU = Debug|Any CPU
		Release|Any CPU = Release|Any CPU
	EndGlobalSection
	GlobalSection(ProjectConfigurationPlatforms) = postSolution
		{A7B3CBE6-E5FD-46D8-BA6C-E85A4C3F286F}.Debug|Any CPU.ActiveCfg = Debug|Any CPU
		{A7B3CBE6-E5FD-46D8-BA6C-E85A4C3F286F}.Debug|Any CPU.Build.0 = Debug|Any CPU
		{A7B3CBE6-E5FD-46D8-BA6C-E85A4C3F286F}.Release|Any CPU.ActiveCfg = Release|Any CPU
		{A7B3CBE6-E5FD-46D8-BA6C-E85A4C3F286F}.Release|Any CPU.Build.0 = Release|Any CPU
	EndGlobalSection
	GlobalSection(SolutionProperties) = preSolution
		HideSolutionNode = FALSE
	EndGlobalSection
	GlobalSection(ExtensibilityGlobals) = postSolution
		SolutionGuid = {0D0A6CEC-E318-4621-8D67-194883443CB3}
	EndGlobalSection
EndGlobal
